
Microsoft Visual Studio Solution File, Format Version 11.00
# Visual Studio 2010
Project("{FAE04EC0-301F-11D3-BF4B-00C04F79EFBC}") = "Assembly-CSharp", "Assembly-CSharp.csproj", "{4223D586-EFCF-B0F3-3AF6-2597271C8CAD}"
EndProject
Project("{FAE04EC0-301F-11D3-BF4B-00C04F79EFBC}") = "Assembly-CSharp-Editor", "Assembly-CSharp-Editor.csproj", "{0E7C5494-003F-D5C1-2299-8CEB3C74355A}"
EndProject
Global
	GlobalSection(SolutionConfigurationPlatforms) = preSolution
		Debug|Any CPU = Debug|Any CPU
		Release|Any CPU = Release|Any CPU
	EndGlobalSection
	GlobalSection(ProjectConfigurationPlatforms) = postSolution
		{4223D586-EFCF-B0F3-3AF6-2597271C8CAD}.Debug|Any CPU.ActiveCfg = Debug|Any CPU
		{4223D586-EFCF-B0F3-3AF6-2597271C8CAD}.Debug|Any CPU.Build.0 = Debug|Any CPU
		{4223D586-EFCF-B0F3-3AF6-2597271C8CAD}.Release|Any CPU.ActiveCfg = Release|Any CPU
		{4223D586-EFCF-B0F3-3AF6-2597271C8CAD}.Release|Any CPU.Build.0 = Release|Any CPU
		{0E7C5494-003F-D5C1-2299-8CEB3C74355A}.Debug|Any CPU.ActiveCfg = Debug|Any CPU
		{0E7C5494-003F-D5C1-2299-8CEB3C74355A}.Debug|Any CPU.Build.0 = Debug|Any CPU
		{0E7C5494-003F-D5C1-2299-8CEB3C74355A}.Release|Any CPU.ActiveCfg = Release|Any CPU
		{0E7C5494-003F-D5C1-2299-8CEB3C74355A}.Release|Any CPU.Build.0 = Release|Any CPU
	EndGlobalSection
	GlobalSection(SolutionProperties) = preSolution
		HideSolutionNode = FALSE
	EndGlobalSection
EndGlobal
